# THIS IS AN AUTOGENERATED FILE. DO NOT EDIT THIS FILE DIRECTLY.
# yarn lockfile v1


"@iota/account@^1.0.0-beta.22":
  version "1.0.0-beta.22"
  resolved "https://registry.yarnpkg.com/@iota/account/-/account-1.0.0-beta.22.tgz#fcff484ef70d00d2ff075e1d9a902bdfc9caa4c7"
  integrity sha512-0xNd6hiX43Mw/mH8OfQtmwUiZzOexnpYdORCEKqVwwRcKvzruz2Bh0ONOJxQURLc+2QCqKfvbqpTMBlE4AzHqg==
  dependencies:
    "@iota/async-buffer" "^1.0.0-beta.21"
    "@iota/bundle" "^1.0.0-beta.21"
    "@iota/cda" "^1.0.0-beta.21"
    "@iota/converter" "^1.0.0-beta.21"
    "@iota/core" "^1.0.0-beta.21"
    "@iota/curl" "^1.0.0-beta.19"
    "@iota/http-client" "^1.0.0-beta.21"
    "@iota/persistence" "^1.0.0-beta.21"
    "@iota/persistence-adapter-level" "^1.0.0-beta.21"
    "@iota/signing" "^1.0.0-beta.21"
    "@iota/transaction" "^1.0.0-beta.21"
    "@iota/transaction-converter" "^1.0.0-beta.21"
    "@types/nock" "^9.3.1"
    nock "^10.0.6"

"@iota/async-buffer@^1.0.0-beta.21":
  version "1.0.0-beta.21"
  resolved "https://registry.yarnpkg.com/@iota/async-buffer/-/async-buffer-1.0.0-beta.21.tgz#6e2f833a34bba5301a43ec4d4b35c1bb71d0a3ca"
  integrity sha512-kRBpwoNOYRyE2uEQzwWc1nihlshJkjW6Fib1a7SDkl+mcRFPItBjObVW2MpTWO983RDl7AWunhm1SsMJ0QL+Vw==

"@iota/bundle-validator@^1.0.0-beta.21":
  version "1.0.0-beta.21"
  resolved "https://registry.yarnpkg.com/@iota/bundle-validator/-/bundle-validator-1.0.0-beta.21.tgz#3e55ff92446c3337c32bb693b7b694f08a3dc6f6"
  integrity sha512-MB/AwpXncNtT63BJiMu3kXzG5vObv1eF8LTI8AeWc0Wpx96tymPz9jz+4pPK6ku9gEULnqpxvK7eAvg48MFHlg==
  dependencies:
    "@iota/converter" "^1.0.0-beta.21"
    "@iota/kerl" "^1.0.0-beta.21"
    "@iota/signing" "^1.0.0-beta.21"
    "@iota/transaction" "^1.0.0-beta.21"
    "@iota/transaction-converter" "^1.0.0-beta.21"

"@iota/bundle@^1.0.0-beta.21":
  version "1.0.0-beta.21"
  resolved "https://registry.yarnpkg.com/@iota/bundle/-/bundle-1.0.0-beta.21.tgz#41d6b410b5dd987a58409fcf6078ac323cc9bf57"
  integrity sha512-3P5xGXDiB/1U59Fl5Mm+tM9lEll43cdgChp7ry/Wca0igfRW20UOpkla+f/ppnbnGeNQkDV7bdvhFxmr2OjuBQ==
  dependencies:
    "@iota/converter" "^1.0.0-beta.21"
    "@iota/kerl" "^1.0.0-beta.21"
    "@iota/signing" "^1.0.0-beta.21"
    "@iota/transaction" "^1.0.0-beta.21"
    "@types/warning" "^3.0.0"
    warning "^4.0.3"

"@iota/cda@^1.0.0-beta.21":
  version "1.0.0-beta.21"
  resolved "https://registry.yarnpkg.com/@iota/cda/-/cda-1.0.0-beta.21.tgz#5b95e86948bb947c8ab58d2d677d78a7d2196a9e"
  integrity sha512-chYZ1tOK913tRy+PWEsChYq/MhAUMikER/rsGFw28h05TUentUlm2kEbPCOa36+OXwMB8CZnbBfb6ngGGrwWKQ==
  dependencies:
    "@iota/converter" "^1.0.0-beta.21"
    "@iota/curl" "^1.0.0-beta.19"
    "@iota/pad" "^1.0.0-beta.19"
    "@iota/signing" "^1.0.0-beta.21"
    "@iota/transaction" "^1.0.0-beta.21"

"@iota/checksum@^1.0.0-beta.21":
  version "1.0.0-beta.21"
  resolved "https://registry.yarnpkg.com/@iota/checksum/-/checksum-1.0.0-beta.21.tgz#7ba1fba95affa73a3a44ac9455a22b59961762f5"
  integrity sha512-v5JUJrta3DQxCj246mgg80QZZvw1p457t4WM9Do8zObiyKRaF6gXTasNW9L8LPXcCiXBGSUQchyvvQ0x28tPow==
  dependencies:
    "@iota/converter" "^1.0.0-beta.21"
    "@iota/kerl" "^1.0.0-beta.21"

"@iota/converter@^1.0.0-beta.21":
  version "1.0.0-beta.21"
  resolved "https://registry.yarnpkg.com/@iota/converter/-/converter-1.0.0-beta.21.tgz#ea94bb738cf1df753530e60a2089ee187622fae2"
  integrity sha512-voiOZyaCCCTQ0rAwkwkuMAhuz4yLanPVd1nmZe0Jh1OeksQWZzlnJL7QQcBP4k4LZvRKw0sb1FyIKIsDJfdyig==
  dependencies:
    core-js "^3.1.4"

"@iota/core@^1.0.0-beta.21":
  version "1.0.0-beta.21"
  resolved "https://registry.yarnpkg.com/@iota/core/-/core-1.0.0-beta.21.tgz#18c6ab679ba3bcc8a93435debcc1cdba27fcf1fb"
  integrity sha512-3RS6Sf4w3qbo+F6BeiLCEJ/LIC+CVw7cJePdUPTqdu1VezPOXwdxk5UWP7rYd1uei7vGYAJ9GWh2UJbrqNYsqA==
  dependencies:
    "@iota/bundle" "^1.0.0-beta.21"
    "@iota/bundle-validator" "^1.0.0-beta.21"
    "@iota/checksum" "^1.0.0-beta.21"
    "@iota/converter" "^1.0.0-beta.21"
    "@iota/curl" "^1.0.0-beta.19"
    "@iota/http-client" "^1.0.0-beta.21"
    "@iota/kerl" "^1.0.0-beta.21"
    "@iota/pad" "^1.0.0-beta.19"
    "@iota/signing" "^1.0.0-beta.21"
    "@iota/transaction" "^1.0.0-beta.21"
    "@iota/transaction-converter" "^1.0.0-beta.21"
    bluebird "^3.5.5"

"@iota/curl@^1.0.0-beta.19":
  version "1.0.0-beta.19"
  resolved "https://registry.yarnpkg.com/@iota/curl/-/curl-1.0.0-beta.19.tgz#7c30bec4c7225eaf1a691802251c9199177a54a8"
  integrity sha512-bUr6VW8lP1XYhAkzUacc8U28qO2Ibdl6R5CSF7N34GgjO2sEkn4DnlzL1VU8cCv+8rfBlZ9qIvYGzklic49JJw==

"@iota/http-client@^1.0.0-beta.21":
  version "1.0.0-beta.21"
  resolved "https://registry.yarnpkg.com/@iota/http-client/-/http-client-1.0.0-beta.21.tgz#0a0fc5962b16818e872abad8af060bf8ee5b342d"
  integrity sha512-5T0qQNrEYjU9IZuiBbmdsF7MeAgu0WXO5KRufKIZyk+sfzZ3PETZJgq5BrHOBFAzgdakmMOGVS73OPrkvKGmyA==
  dependencies:
    cross-fetch "^3.0.0"
    url-parse "^1.4.7"

"@iota/kerl@^1.0.0-beta.21":
  version "1.0.0-beta.21"
  resolved "https://registry.yarnpkg.com/@iota/kerl/-/kerl-1.0.0-beta.21.tgz#8e8760056af469af5fc4239411d270ae7187a10d"
  integrity sha512-JzarmedEpLvs8ZlA37FqaOcU6rJIiSJbEjkJMZiDm3ZWcAgqcnzfEqyT3RDn2capPsQ3maiVgL60oFueizMbNQ==
  dependencies:
    "@types/crypto-js" "^3.1.38"
    crypto-js "^3.1.9-1"

"@iota/pad@^1.0.0-beta.19":
  version "1.0.0-beta.19"
  resolved "https://registry.yarnpkg.com/@iota/pad/-/pad-1.0.0-beta.19.tgz#ffe39ebf149bf310222680bafbca68c536758d16"
  integrity sha512-J82UxKK3d5x6bxDKzi3qgRpy/NxCXbuDprC3ar225ahwtt1Qd0srQY3ZN6GjCAtV9/bFe7EysXqGcQnumfECBQ==

"@iota/persistence-adapter-level@^1.0.0-beta.21":
  version "1.0.0-beta.21"
  resolved "https://registry.yarnpkg.com/@iota/persistence-adapter-level/-/persistence-adapter-level-1.0.0-beta.21.tgz#12158bb319e9f8ad6479eef040392abb7fd871db"
  integrity sha512-mVAW2IWmcH+wvT9gxmc7uq2XAgM5a3AOcZqfPLqWAEycPFLpusqHsqldXhUZesFK24fYRPdhQI+xek57OZla3g==
  dependencies:
    "@iota/converter" "^1.0.0-beta.21"
    level "^5.0.1"

"@iota/persistence@^1.0.0-beta.21":
  version "1.0.0-beta.21"
  resolved "https://registry.yarnpkg.com/@iota/persistence/-/persistence-1.0.0-beta.21.tgz#37f2a9645c1c7599cd0c2c8cc10ba8e1cf0865d3"
  integrity sha512-pctdBo8SO4Pum7tHCZy0x7iTYU43gKykwCYWN1KQ8WcEvF3SnLQ3ZpYBTZjpjmkaY+V74U9dL7XPXCj6w1MpwQ==
  dependencies:
    "@iota/async-buffer" "^1.0.0-beta.21"
    "@iota/converter" "^1.0.0-beta.21"
    "@iota/kerl" "^1.0.0-beta.21"
    "@iota/signing" "^1.0.0-beta.21"
    "@iota/transaction" "^1.0.0-beta.21"

"@iota/signing@^1.0.0-beta.21":
  version "1.0.0-beta.21"
  resolved "https://registry.yarnpkg.com/@iota/signing/-/signing-1.0.0-beta.21.tgz#88d587dd48853235a5ebb6c2edeb181ea890c1c9"
  integrity sha512-LATQAcXYoOzPGg3NlrSU6taKkM3PJgc/fkzxh8sPjWGXvOnFzODiU3Y3Gq3pjjGvZTAYx6KQfUVJSBjea8wXLw==
  dependencies:
    "@iota/converter" "^1.0.0-beta.21"
    "@iota/kerl" "^1.0.0-beta.21"
    "@iota/pad" "^1.0.0-beta.19"

"@iota/transaction-converter@^1.0.0-beta.21":
  version "1.0.0-beta.21"
  resolved "https://registry.yarnpkg.com/@iota/transaction-converter/-/transaction-converter-1.0.0-beta.21.tgz#e922cf83cc2028b7a5bc0626c86981bd76ee0a21"
  integrity sha512-Q0d9Wq9gm2u+QpTgGpfrjFGkA4rm1XxVm8HCV61DqHuSYxPWL8tSAyKlo6hQH50LQi4UPSiEVq/VPLSZpRYaIQ==
  dependencies:
    "@iota/converter" "^1.0.0-beta.21"
    "@iota/pad" "^1.0.0-beta.19"
    "@iota/transaction" "^1.0.0-beta.21"

"@iota/transaction@^1.0.0-beta.21":
  version "1.0.0-beta.21"
  resolved "https://registry.yarnpkg.com/@iota/transaction/-/transaction-1.0.0-beta.21.tgz#09e316f94df098c7466cac6a7c34541db46942fc"
  integrity sha512-dtVjDMq8N0l6fVjgyMrkVkhg376Ce1ONG6oBREPE37/l3aWpPbf8z3lAgagCpGyDbfN1TXITllsU1tqXZb25vA==
  dependencies:
    "@iota/converter" "^1.0.0-beta.21"
    "@iota/curl" "^1.0.0-beta.19"
    "@iota/kerl" "^1.0.0-beta.21"
    "@iota/signing" "^1.0.0-beta.21"
    "@types/warning" "^3.0.0"
    warning "^4.0.3"

"@types/crypto-js@^3.1.38":
  version "3.1.43"
  resolved "https://registry.yarnpkg.com/@types/crypto-js/-/crypto-js-3.1.43.tgz#b859347d6289ba13e347c335a4c9efa63337a748"
  integrity sha512-EHe/YKctU3IYNBsDmSOPX/7jLHPRlx8WaiDKSY9JCTnJ8XJeM4c0ZJvx+9Gxmr2s2ihI92R+3U/gNL1sq5oRuQ==

"@types/nock@^9.3.1":
  version "9.3.1"
  resolved "https://registry.yarnpkg.com/@types/nock/-/nock-9.3.1.tgz#7d761a43a10aebc7ec6bae29d89afc6cbffa5d30"
  integrity sha512-eOVHXS5RnWOjTVhu3deCM/ruy9E6JCgeix2g7wpFiekQh3AaEAK1cz43tZDukKmtSmQnwvSySq7ubijCA32I7Q==
  dependencies:
    "@types/node" "*"

"@types/node@*":
  version "12.11.1"
  resolved "https://registry.yarnpkg.com/@types/node/-/node-12.11.1.tgz#1fd7b821f798b7fa29f667a1be8f3442bb8922a3"
  integrity sha512-TJtwsqZ39pqcljJpajeoofYRfeZ7/I/OMUQ5pR4q5wOKf2ocrUvBAZUMhWsOvKx3dVc/aaV5GluBivt0sWqA5A==

"@types/warning@^3.0.0":
  version "3.0.0"
  resolved "https://registry.yarnpkg.com/@types/warning/-/warning-3.0.0.tgz#0d2501268ad8f9962b740d387c4654f5f8e23e52"
  integrity sha1-DSUBJorY+ZYrdA04fEZU9fjiPlI=

abstract-leveldown@^6.2.1, abstract-leveldown@~6.2.1:
  version "6.2.1"
  resolved "https://registry.yarnpkg.com/abstract-leveldown/-/abstract-leveldown-6.2.1.tgz#37b655151e13c3d9b20fa3a04ce63ccaa345fce4"
  integrity sha512-zUgomHedGBCThDkUtc1bfilu2jEhRZ7Dk3RePhtMma/akw7UK2Upm2R5Dd8ynRBEt3uscwbWO0VQNx22/7RtWg==
  dependencies:
    level-concat-iterator "~2.0.0"
    level-supports "~1.0.0"
    xtend "~4.0.0"

abstract-leveldown@~6.0.1:
  version "6.0.3"
  resolved "https://registry.yarnpkg.com/abstract-leveldown/-/abstract-leveldown-6.0.3.tgz#b4b6159343c74b0c5197b2817854782d8f748c4a"
  integrity sha512-jzewKKpZbaYUa6HTThnrl+GrJhzjEAeuc7hTVpZdzg7kupXZFoqQDFwyOwLNbmJKJlmzw8yiipMPkDiuKkT06Q==
  dependencies:
    level-concat-iterator "~2.0.0"
    xtend "~4.0.0"

assertion-error@^1.1.0:
  version "1.1.0"
  resolved "https://registry.yarnpkg.com/assertion-error/-/assertion-error-1.1.0.tgz#e60b6b0e8f301bd97e5375215bda406c85118c0b"
  integrity sha512-jgsaNduz+ndvGyFt3uSuWqvy4lCnIJiovtouQN5JZHOKCS2QuhEdbcQHFhVksz2N2U9hXJo8odG7ETyWlEeuDw==

bluebird@^3.5.5:
  version "3.7.1"
  resolved "https://registry.yarnpkg.com/bluebird/-/bluebird-3.7.1.tgz#df70e302b471d7473489acf26a93d63b53f874de"
  integrity sha512-DdmyoGCleJnkbp3nkbxTLJ18rjDsE4yCggEwKNXkeV123sPNfOCYeDoeuOY+F2FrSjO1YXcTU+dsy96KMy+gcg==

chai@^4.1.2:
  version "4.2.0"
  resolved "https://registry.yarnpkg.com/chai/-/chai-4.2.0.tgz#760aa72cf20e3795e84b12877ce0e83737aa29e5"
  integrity sha512-XQU3bhBukrOsQCuwZndwGcCVQHyZi53fQ6Ys1Fym7E4olpIqqZZhhoFJoaKVvV17lWQoXYwgWN2nF5crA8J2jw==
  dependencies:
    assertion-error "^1.1.0"
    check-error "^1.0.2"
    deep-eql "^3.0.1"
    get-func-name "^2.0.0"
    pathval "^1.1.0"
    type-detect "^4.0.5"

check-error@^1.0.2:
  version "1.0.2"
  resolved "https://registry.yarnpkg.com/check-error/-/check-error-1.0.2.tgz#574d312edd88bb5dd8912e9286dd6c0aed4aac82"
  integrity sha1-V00xLt2Iu13YkS6Sht1sCu1KrII=

core-js@^3.1.4:
  version "3.3.2"
  resolved "https://registry.yarnpkg.com/core-js/-/core-js-3.3.2.tgz#cd42da1d7b0bb33ef11326be3a721934277ceb42"
  integrity sha512-S1FfZpeBchkhyoY76YAdFzKS4zz9aOK7EeFaNA2aJlyXyA+sgqz6xdxmLPGXEAf0nF44MVN1kSjrA9Kt3ATDQg==

cross-fetch@^3.0.0:
  version "3.1.5"
  resolved "https://registry.yarnpkg.com/cross-fetch/-/cross-fetch-3.1.5.tgz#e1389f44d9e7ba767907f7af8454787952ab534f"
  integrity sha512-lvb1SBsI0Z7GDwmuid+mU3kWVBwTVUbe7S0H52yaaAdQOXq2YktTCZdlAcNKFzE6QtRz0snpw9bNiPeOIkkQvw==
  dependencies:
    node-fetch "2.6.7"

crypto-js@^3.1.9-1:
  version "3.1.9-1"
  resolved "https://registry.yarnpkg.com/crypto-js/-/crypto-js-3.1.9-1.tgz#fda19e761fc077e01ffbfdc6e9fdfc59e8806cd8"
  integrity sha1-/aGedh/Ad+Af+/3G6f38WeiAbNg=

debug@^4.1.0:
  version "4.1.1"
  resolved "https://registry.yarnpkg.com/debug/-/debug-4.1.1.tgz#3b72260255109c6b589cee050f1d516139664791"
  integrity sha512-pYAIzeRo8J6KPEaJ0VWOh5Pzkbw/RetuzehGM7QRRX5he4fPHx2rdKMB256ehJCkX+XRQm16eZLqLNS8RSZXZw==
  dependencies:
    ms "^2.1.1"

deep-eql@^3.0.1:
  version "3.0.1"
  resolved "https://registry.yarnpkg.com/deep-eql/-/deep-eql-3.0.1.tgz#dfc9404400ad1c8fe023e7da1df1c147c4b444df"
  integrity sha512-+QeIQyN5ZuO+3Uk5DYh6/1eKO0m0YmJFGNmFHGACpf1ClL1nmlV/p4gNgbl2pJGxgXb4faqo6UE+M5ACEMyVcw==
  dependencies:
    type-detect "^4.0.0"

deep-equal@^1.0.0:
  version "1.1.0"
  resolved "https://registry.yarnpkg.com/deep-equal/-/deep-equal-1.1.0.tgz#3103cdf8ab6d32cf4a8df7865458f2b8d33f3745"
  integrity sha512-ZbfWJq/wN1Z273o7mUSjILYqehAktR2NVoSrOukDkU9kg2v/Uv89yU4Cvz8seJeAmtN5oqiefKq8FPuXOboqLw==
  dependencies:
    is-arguments "^1.0.4"
    is-date-object "^1.0.1"
    is-regex "^1.0.4"
    object-is "^1.0.1"
    object-keys "^1.1.1"
    regexp.prototype.flags "^1.2.0"

deferred-leveldown@~5.3.0:
  version "5.3.0"
  resolved "https://registry.yarnpkg.com/deferred-leveldown/-/deferred-leveldown-5.3.0.tgz#27a997ad95408b61161aa69bd489b86c71b78058"
  integrity sha512-a59VOT+oDy7vtAbLRCZwWgxu2BaCfd5Hk7wxJd48ei7I+nsg8Orlb9CLG0PMZienk9BSUKgeAqkO2+Lw+1+Ukw==
  dependencies:
    abstract-leveldown "~6.2.1"
    inherits "^2.0.3"

define-properties@^1.1.2:
  version "1.1.3"
  resolved "https://registry.yarnpkg.com/define-properties/-/define-properties-1.1.3.tgz#cf88da6cbee26fe6db7094f61d870cbd84cee9f1"
  integrity sha512-3MqfYKj2lLzdMSf8ZIZE/V+Zuy+BgD6f164e8K2w7dgnpKArBDerGYpM46IYYcjnkdPNMjPk9A6VFB8+3SKlXQ==
  dependencies:
    object-keys "^1.0.12"

encoding-down@^6.3.0:
  version "6.3.0"
  resolved "https://registry.yarnpkg.com/encoding-down/-/encoding-down-6.3.0.tgz#b1c4eb0e1728c146ecaef8e32963c549e76d082b"
  integrity sha512-QKrV0iKR6MZVJV08QY0wp1e7vF6QbhnbQhb07bwpEyuz4uZiZgPlEGdkCROuFkUwdxlFaiPIhjyarH1ee/3vhw==
  dependencies:
    abstract-leveldown "^6.2.1"
    inherits "^2.0.3"
    level-codec "^9.0.0"
    level-errors "^2.0.0"

errno@~0.1.1:
  version "0.1.7"
  resolved "https://registry.yarnpkg.com/errno/-/errno-0.1.7.tgz#4684d71779ad39af177e3f007996f7c67c852618"
  integrity sha512-MfrRBDWzIWifgq6tJj60gkAwtLNb6sQPlcFrSOflcP1aFmmruKQ2wRnze/8V6kgyz7H3FF8Npzv78mZ7XLLflg==
  dependencies:
    prr "~1.0.1"

function-bind@^1.1.1:
  version "1.1.1"
  resolved "https://registry.yarnpkg.com/function-bind/-/function-bind-1.1.1.tgz#a56899d3ea3c9bab874bb9773b7c5ede92f4895d"
  integrity sha512-yIovAzMX49sF8Yl58fSCWJ5svSLuaibPxXQJFLmBObTuCr0Mf1KiPopGM9NiFjiYBCbfaa2Fh6breQ6ANVTI0A==

get-func-name@^2.0.0:
  version "2.0.0"
  resolved "https://registry.yarnpkg.com/get-func-name/-/get-func-name-2.0.0.tgz#ead774abee72e20409433a066366023dd6887a41"
  integrity sha1-6td0q+5y4gQJQzoGY2YCPdaIekE=

has@^1.0.1:
  version "1.0.3"
  resolved "https://registry.yarnpkg.com/has/-/has-1.0.3.tgz#722d7cbfc1f6aa8241f16dd814e011e1f41e8796"
  integrity sha512-f2dvO0VU6Oej7RkWJGrehjbzMAjFp5/VKPp5tTpWIV4JHHZK1/BxbFRtf/siA2SWTe09caDmVtYYzWEIbBS4zw==
  dependencies:
    function-bind "^1.1.1"

immediate@~3.2.3:
  version "3.2.3"
  resolved "https://registry.yarnpkg.com/immediate/-/immediate-3.2.3.tgz#d140fa8f614659bd6541233097ddaac25cdd991c"
  integrity sha1-0UD6j2FGWb1lQSMwl92qwlzdmRw=

inherits@^2.0.3, inherits@^2.0.4:
  version "2.0.4"
  resolved "https://registry.yarnpkg.com/inherits/-/inherits-2.0.4.tgz#0fa2c64f932917c3433a0ded55363aae37416b7c"
  integrity sha512-k/vGaX4/Yla3WzyMCvTQOXYeIHvqOKtnqBduzTHpzpQZzAskKMhZ2K+EnBiSM9zGSoIFeMpXKxa4dYeZIQqewQ==

is-arguments@^1.0.4:
  version "1.0.4"
  resolved "https://registry.yarnpkg.com/is-arguments/-/is-arguments-1.0.4.tgz#3faf966c7cba0ff437fb31f6250082fcf0448cf3"
  integrity sha512-xPh0Rmt8NE65sNzvyUmWgI1tz3mKq74lGA0mL8LYZcoIzKOzDh6HmrYm3d18k60nHerC8A9Km8kYu87zfSFnLA==

is-date-object@^1.0.1:
  version "1.0.1"
  resolved "https://registry.yarnpkg.com/is-date-object/-/is-date-object-1.0.1.tgz#9aa20eb6aeebbff77fbd33e74ca01b33581d3a16"
  integrity sha1-mqIOtq7rv/d/vTPnTKAbM1gdOhY=

is-regex@^1.0.4:
  version "1.0.4"
  resolved "https://registry.yarnpkg.com/is-regex/-/is-regex-1.0.4.tgz#5517489b547091b0930e095654ced25ee97e9491"
  integrity sha1-VRdIm1RwkbCTDglWVM7SXul+lJE=
  dependencies:
    has "^1.0.1"

is-typedarray@^1.0.0:
  version "1.0.0"
  resolved "https://registry.yarnpkg.com/is-typedarray/-/is-typedarray-1.0.0.tgz#e479c80858df0c1b11ddda6940f96011fcda4a9a"
  integrity sha1-5HnICFjfDBsR3dppQPlgEfzaSpo=

"js-tokens@^3.0.0 || ^4.0.0":
  version "4.0.0"
  resolved "https://registry.yarnpkg.com/js-tokens/-/js-tokens-4.0.0.tgz#19203fb59991df98e3a287050d4647cdeaf32499"
  integrity sha512-RdJUflcE3cUzKiMqQgsCu06FPu9UdIJO0beYbPhHN4k6apgJtifcoCtT9bcxOpYBtpD2kCM6Sbzg4CausW/PKQ==

json-stringify-safe@^5.0.1:
  version "5.0.1"
  resolved "https://registry.yarnpkg.com/json-stringify-safe/-/json-stringify-safe-5.0.1.tgz#1296a2d58fd45f19a0f6ce01d65701e2c735b6eb"
  integrity sha1-Epai1Y/UXxmg9s4B1lcB4sc1tus=

level-codec@^9.0.0:
  version "9.0.1"
  resolved "https://registry.yarnpkg.com/level-codec/-/level-codec-9.0.1.tgz#042f4aa85e56d4328ace368c950811ba802b7247"
  integrity sha512-ajFP0kJ+nyq4i6kptSM+mAvJKLOg1X5FiFPtLG9M5gCEZyBmgDi3FkDrvlMkEzrUn1cWxtvVmrvoS4ASyO/q+Q==

level-concat-iterator@~2.0.0:
  version "2.0.1"
  resolved "https://registry.yarnpkg.com/level-concat-iterator/-/level-concat-iterator-2.0.1.tgz#1d1009cf108340252cb38c51f9727311193e6263"
  integrity sha512-OTKKOqeav2QWcERMJR7IS9CUo1sHnke2C0gkSmcR7QuEtFNLLzHQAvnMw8ykvEcv0Qtkg0p7FOwP1v9e5Smdcw==

level-errors@^2.0.0, level-errors@~2.0.0:
  version "2.0.1"
  resolved "https://registry.yarnpkg.com/level-errors/-/level-errors-2.0.1.tgz#2132a677bf4e679ce029f517c2f17432800c05c8"
  integrity sha512-UVprBJXite4gPS+3VznfgDSU8PTRuVX0NXwoWW50KLxd2yw4Y1t2JUR5In1itQnudZqRMT9DlAM3Q//9NCjCFw==
  dependencies:
    errno "~0.1.1"

level-iterator-stream@~4.0.0:
  version "4.0.2"
  resolved "https://registry.yarnpkg.com/level-iterator-stream/-/level-iterator-stream-4.0.2.tgz#7ceba69b713b0d7e22fcc0d1f128ccdc8a24f79c"
  integrity sha512-ZSthfEqzGSOMWoUGhTXdX9jv26d32XJuHz/5YnuHZzH6wldfWMOVwI9TBtKcya4BKTyTt3XVA0A3cF3q5CY30Q==
  dependencies:
    inherits "^2.0.4"
    readable-stream "^3.4.0"
    xtend "^4.0.2"

level-js@^4.0.0:
  version "4.0.1"
  resolved "https://registry.yarnpkg.com/level-js/-/level-js-4.0.1.tgz#3bad57d8bb46ebba7b13bc7442b56f4b45c8a2e0"
  integrity sha512-m5JRIyHZn5VnCCFeRegJkn5bQd3MJK5qZX12zg3Oivc8+BUIS2yFS6ANMMeHX2ieGxucNvEn6/ZnyjmZQLLUWw==
  dependencies:
    abstract-leveldown "~6.0.1"
    immediate "~3.2.3"
    inherits "^2.0.3"
    ltgt "^2.1.2"
    typedarray-to-buffer "~3.1.5"

level-packager@^5.0.0:
  version "5.1.0"
  resolved "https://registry.yarnpkg.com/level-packager/-/level-packager-5.1.0.tgz#9c01c6c8e2380d3196d61e56bd79c2eff4a9d5c3"
  integrity sha512-3pbJmDgGvp/lUQNULPoYQZtUbhMI8KoViYDw7Sa0kWl1mPeHWWJF7T/9upWI/NTMuEikkEE/cd6wBvmrW1+ZnQ==
  dependencies:
    encoding-down "^6.3.0"
    levelup "^4.3.2"

level-supports@~1.0.0:
  version "1.0.1"
  resolved "https://registry.yarnpkg.com/level-supports/-/level-supports-1.0.1.tgz#2f530a596834c7301622521988e2c36bb77d122d"
  integrity sha512-rXM7GYnW8gsl1vedTJIbzOrRv85c/2uCMpiiCzO2fndd06U/kUXEEU9evYn4zFggBOg36IsBW8LzqIpETwwQzg==
  dependencies:
    xtend "^4.0.2"

level@^5.0.1:
  version "5.0.1"
  resolved "https://registry.yarnpkg.com/level/-/level-5.0.1.tgz#8528cc1ee37ac413270129a1eab938c610be3ccb"
  integrity sha512-wcak5OQeA4rURGacqS62R/xNHjCYnJSQDBOlm4KNUGJVE9bWv2B04TclqReYejN+oD65PzD4FsqeWoI5wNC5Lg==
  dependencies:
    level-js "^4.0.0"
    level-packager "^5.0.0"
    leveldown "^5.0.0"
    opencollective-postinstall "^2.0.0"

leveldown@^5.0.0:
  version "5.4.0"
  resolved "https://registry.yarnpkg.com/leveldown/-/leveldown-5.4.0.tgz#fd6731af2c7fd717c878eb05c87c12036e986e93"
  integrity sha512-uKwfJT+jgXL3mdb3UR/bOaO13VX85R7yGaunK+WJNuGWSoxskp3JgYwFCKfPruulx/bVn2xI7XmyNHVQkVC/Ig==
  dependencies:
    abstract-leveldown "~6.2.1"
    napi-macros "~2.0.0"
    node-gyp-build "~4.1.0"

levelup@^4.3.2:
  version "4.3.2"
  resolved "https://registry.yarnpkg.com/levelup/-/levelup-4.3.2.tgz#31c5b1b29f146d1d35d692e01a6da4d28fa55ebd"
  integrity sha512-cRTjU4ktWo59wf13PHEiOayHC3n0dOh4i5+FHr4tv4MX9+l7mqETicNq3Aj07HKlLdk0z5muVoDL2RD+ovgiyA==
  dependencies:
    deferred-leveldown "~5.3.0"
    level-errors "~2.0.0"
    level-iterator-stream "~4.0.0"
    level-supports "~1.0.0"
    xtend "~4.0.0"

lodash@^4.17.5:
  version "4.17.15"
  resolved "https://registry.yarnpkg.com/lodash/-/lodash-4.17.15.tgz#b447f6670a0455bbfeedd11392eff330ea097548"
  integrity sha512-8xOcRHvCjnocdS5cpwXQXVzmmh5e5+saE2QGoeQmbKmRS6J3VQppPOIt0MnmE+4xlZoumy0GPG0D0MVIQbNA1A==

loose-envify@^1.0.0:
  version "1.4.0"
  resolved "https://registry.yarnpkg.com/loose-envify/-/loose-envify-1.4.0.tgz#71ee51fa7be4caec1a63839f7e682d8132d30caf"
  integrity sha512-lyuxPGr/Wfhrlem2CL/UcnUc1zcqKAImBDzukY7Y5F/yQiNdko6+fRLevlw1HgMySw7f611UIY408EtxRSoK3Q==
  dependencies:
    js-tokens "^3.0.0 || ^4.0.0"

ltgt@^2.1.2:
  version "2.2.1"
  resolved "https://registry.yarnpkg.com/ltgt/-/ltgt-2.2.1.tgz#f35ca91c493f7b73da0e07495304f17b31f87ee5"
  integrity sha1-81ypHEk/e3PaDgdJUwTxezH4fuU=

minimist@0.0.8:
  version "0.0.8"
  resolved "https://registry.yarnpkg.com/minimist/-/minimist-0.0.8.tgz#857fcabfc3397d2625b8228262e86aa7a011b05d"
  integrity sha1-hX/Kv8M5fSYluCKCYuhqp6ARsF0=

mkdirp@^0.5.0:
  version "0.5.1"
  resolved "https://registry.yarnpkg.com/mkdirp/-/mkdirp-0.5.1.tgz#30057438eac6cf7f8c4767f38648d6697d75c903"
  integrity sha1-MAV0OOrGz3+MR2fzhkjWaX11yQM=
  dependencies:
    minimist "0.0.8"

ms@^2.1.1:
  version "2.1.2"
  resolved "https://registry.yarnpkg.com/ms/-/ms-2.1.2.tgz#d09d1f357b443f493382a8eb3ccd183872ae6009"
  integrity sha512-sGkPx+VjMtmA6MX27oA4FBFELFCZZ4S4XqeGOXCv68tT+jb3vk/RyaKWP0PTKyWtmLSM0b+adUTEvbs1PEaH2w==

napi-macros@~2.0.0:
  version "2.0.0"
  resolved "https://registry.yarnpkg.com/napi-macros/-/napi-macros-2.0.0.tgz#2b6bae421e7b96eb687aa6c77a7858640670001b"
  integrity sha512-A0xLykHtARfueITVDernsAWdtIMbOJgKgcluwENp3AlsKN/PloyO10HtmoqnFAQAcxPkgZN7wdfPfEd0zNGxbg==

nock@^10.0.6:
  version "10.0.6"
  resolved "https://registry.yarnpkg.com/nock/-/nock-10.0.6.tgz#e6d90ee7a68b8cfc2ab7f6127e7d99aa7d13d111"
  integrity sha512-b47OWj1qf/LqSQYnmokNWM8D88KvUl2y7jT0567NB3ZBAZFz2bWp2PC81Xn7u8F2/vJxzkzNZybnemeFa7AZ2w==
  dependencies:
    chai "^4.1.2"
    debug "^4.1.0"
    deep-equal "^1.0.0"
    json-stringify-safe "^5.0.1"
    lodash "^4.17.5"
    mkdirp "^0.5.0"
    propagate "^1.0.0"
    qs "^6.5.1"
    semver "^5.5.0"

node-fetch@2.6.7:
  version "2.6.7"
  resolved "https://registry.yarnpkg.com/node-fetch/-/node-fetch-2.6.7.tgz#24de9fba827e3b4ae44dc8b20256a379160052ad"
  integrity sha512-ZjMPFEfVx5j+y2yF35Kzx5sF7kDzxuDj6ziH4FFbOp87zKDZNx8yExJIb05OGF4Nlt9IHFIMBkRl41VdvcNdbQ==
  dependencies:
    whatwg-url "^5.0.0"

node-gyp-build@~4.1.0:
  version "4.1.1"
  resolved "https://registry.yarnpkg.com/node-gyp-build/-/node-gyp-build-4.1.1.tgz#d7270b5d86717068d114cc57fff352f96d745feb"
  integrity sha512-dSq1xmcPDKPZ2EED2S6zw/b9NKsqzXRE6dVr8TVQnI3FJOTteUMuqF3Qqs6LZg+mLGYJWqQzMbIjMtJqTv87nQ==

object-is@^1.0.1:
  version "1.0.1"
  resolved "https://registry.yarnpkg.com/object-is/-/object-is-1.0.1.tgz#0aa60ec9989a0b3ed795cf4d06f62cf1ad6539b6"
  integrity sha1-CqYOyZiaCz7Xlc9NBvYs8a1lObY=

object-keys@^1.0.12, object-keys@^1.1.1:
  version "1.1.1"
  resolved "https://registry.yarnpkg.com/object-keys/-/object-keys-1.1.1.tgz#1c47f272df277f3b1daf061677d9c82e2322c60e"
  integrity sha512-NuAESUOUMrlIXOfHKzD6bpPu3tYt3xvjNdRIQ+FeT0lNb4K8WR70CaDxhuNguS2XG+GjkyMwOzsN5ZktImfhLA==

opencollective-postinstall@^2.0.0:
  version "2.0.2"
  resolved "https://registry.yarnpkg.com/opencollective-postinstall/-/opencollective-postinstall-2.0.2.tgz#5657f1bede69b6e33a45939b061eb53d3c6c3a89"
  integrity sha512-pVOEP16TrAO2/fjej1IdOyupJY8KDUM1CvsaScRbw6oddvpQoOfGk4ywha0HKKVAD6RkW4x6Q+tNBwhf3Bgpuw==

pathval@^1.1.0:
  version "1.1.0"
  resolved "https://registry.yarnpkg.com/pathval/-/pathval-1.1.0.tgz#b942e6d4bde653005ef6b71361def8727d0645e0"
  integrity sha1-uULm1L3mUwBe9rcTYd74cn0GReA=

propagate@^1.0.0:
  version "1.0.0"
  resolved "https://registry.yarnpkg.com/propagate/-/propagate-1.0.0.tgz#00c2daeedda20e87e3782b344adba1cddd6ad709"
  integrity sha1-AMLa7t2iDofjeCs0Stuhzd1q1wk=

prr@~1.0.1:
  version "1.0.1"
  resolved "https://registry.yarnpkg.com/prr/-/prr-1.0.1.tgz#d3fc114ba06995a45ec6893f484ceb1d78f5f476"
  integrity sha1-0/wRS6BplaRexok/SEzrHXj19HY=

qs@^6.5.1:
  version "6.9.0"
  resolved "https://registry.yarnpkg.com/qs/-/qs-6.9.0.tgz#d1297e2a049c53119cb49cca366adbbacc80b409"
  integrity sha512-27RP4UotQORTpmNQDX8BHPukOnBP3p1uUJY5UnDhaJB+rMt9iMsok724XL+UHU23bEFOHRMQ2ZhI99qOWUMGFA==

querystringify@^2.1.1:
  version "2.1.1"
  resolved "https://registry.yarnpkg.com/querystringify/-/querystringify-2.1.1.tgz#60e5a5fd64a7f8bfa4d2ab2ed6fdf4c85bad154e"
  integrity sha512-w7fLxIRCRT7U8Qu53jQnJyPkYZIaR4n5151KMfcJlO/A9397Wxb1amJvROTK6TOnp7PfoAmg/qXiNHI+08jRfA==

readable-stream@^3.4.0:
  version "3.4.0"
  resolved "https://registry.yarnpkg.com/readable-stream/-/readable-stream-3.4.0.tgz#a51c26754658e0a3c21dbf59163bd45ba6f447fc"
  integrity sha512-jItXPLmrSR8jmTRmRWJXCnGJsfy85mB3Wd/uINMXA65yrnFo0cPClFIUWzo2najVNSl+mx7/4W8ttlLWJe99pQ==
  dependencies:
    inherits "^2.0.3"
    string_decoder "^1.1.1"
    util-deprecate "^1.0.1"

readline-sync@^1.4.10:
  version "1.4.10"
  resolved "https://registry.yarnpkg.com/readline-sync/-/readline-sync-1.4.10.tgz#41df7fbb4b6312d673011594145705bf56d8873b"
  integrity sha512-gNva8/6UAe8QYepIQH/jQ2qn91Qj0B9sYjMBBs3QOB8F2CXcKgLxQaJRP76sWVRQt+QU+8fAkCbCvjjMFu7Ycw==

regexp.prototype.flags@^1.2.0:
  version "1.2.0"
  resolved "https://registry.yarnpkg.com/regexp.prototype.flags/-/regexp.prototype.flags-1.2.0.tgz#6b30724e306a27833eeb171b66ac8890ba37e41c"
  integrity sha512-ztaw4M1VqgMwl9HlPpOuiYgItcHlunW0He2fE6eNfT6E/CF2FtYi9ofOYe4mKntstYk0Fyh/rDRBdS3AnxjlrA==
  dependencies:
    define-properties "^1.1.2"

requires-port@^1.0.0:
  version "1.0.0"
  resolved "https://registry.yarnpkg.com/requires-port/-/requires-port-1.0.0.tgz#925d2601d39ac485e091cf0da5c6e694dc3dcaff"
  integrity sha1-kl0mAdOaxIXgkc8NpcbmlNw9yv8=

safe-buffer@~5.2.0:
  version "5.2.0"
  resolved "https://registry.yarnpkg.com/safe-buffer/-/safe-buffer-5.2.0.tgz#b74daec49b1148f88c64b68d49b1e815c1f2f519"
  integrity sha512-fZEwUGbVl7kouZs1jCdMLdt95hdIv0ZeHg6L7qPeciMZhZ+/gdesW4wgTARkrFWEpspjEATAzUGPG8N2jJiwbg==

semver@^5.5.0:
  version "5.7.1"
  resolved "https://registry.yarnpkg.com/semver/-/semver-5.7.1.tgz#a954f931aeba508d307bbf069eff0c01c96116f7"
  integrity sha512-sauaDf/PZdVgrLTNYHRtpXa1iRiKcaebiKQ1BJdpQlWH2lCvexQdX55snPFyK7QzpudqbCI0qXFfOasHdyNDGQ==

string_decoder@^1.1.1:
  version "1.3.0"
  resolved "https://registry.yarnpkg.com/string_decoder/-/string_decoder-1.3.0.tgz#42f114594a46cf1a8e30b0a84f56c78c3edac21e"
  integrity sha512-hkRX8U1WjJFd8LsDJ2yQ/wWWxaopEsABU1XfkM8A+j0+85JAGppt16cr1Whg6KIbb4okU6Mql6BOj+uup/wKeA==
  dependencies:
    safe-buffer "~5.2.0"

tr46@~0.0.3:
  version "0.0.3"
  resolved "https://registry.yarnpkg.com/tr46/-/tr46-0.0.3.tgz#8184fd347dac9cdc185992f3a6622e14b9d9ab6a"
  integrity sha1-gYT9NH2snNwYWZLzpmIuFLnZq2o=

type-detect@^4.0.0, type-detect@^4.0.5:
  version "4.0.8"
  resolved "https://registry.yarnpkg.com/type-detect/-/type-detect-4.0.8.tgz#7646fb5f18871cfbb7749e69bd39a6388eb7450c"
  integrity sha512-0fr/mIH1dlO+x7TlcMy+bIDqKPsw/70tVyeHW787goQjhmqaZe10uwLujubK9q9Lg6Fiho1KUKDYz0Z7k7g5/g==

typedarray-to-buffer@~3.1.5:
  version "3.1.5"
  resolved "https://registry.yarnpkg.com/typedarray-to-buffer/-/typedarray-to-buffer-3.1.5.tgz#a97ee7a9ff42691b9f783ff1bc5112fe3fca9080"
  integrity sha512-zdu8XMNEDepKKR+XYOXAVPtWui0ly0NtohUscw+UmaHiAWT8hrV1rr//H6V+0DvJ3OQ19S979M0laLfX8rm82Q==
  dependencies:
    is-typedarray "^1.0.0"

url-parse@^1.4.7:
  version "1.4.7"
  resolved "https://registry.yarnpkg.com/url-parse/-/url-parse-1.4.7.tgz#a8a83535e8c00a316e403a5db4ac1b9b853ae278"
  integrity sha512-d3uaVyzDB9tQoSXFvuSUNFibTd9zxd2bkVrDRvF5TmvWWQwqE4lgYJ5m+x1DbecWkw+LK4RNl2CU1hHuOKPVlg==
  dependencies:
    querystringify "^2.1.1"
    requires-port "^1.0.0"

util-deprecate@^1.0.1:
  version "1.0.2"
  resolved "https://registry.yarnpkg.com/util-deprecate/-/util-deprecate-1.0.2.tgz#450d4dc9fa70de732762fbd2d4a28981419a0ccf"
  integrity sha1-RQ1Nyfpw3nMnYvvS1KKJgUGaDM8=

warning@^4.0.3:
  version "4.0.3"
  resolved "https://registry.yarnpkg.com/warning/-/warning-4.0.3.tgz#16e9e077eb8a86d6af7d64aa1e05fd85b4678ca3"
  integrity sha512-rpJyN222KWIvHJ/F53XSZv0Zl/accqHR8et1kpaMTD/fLCRxtV8iX8czMzY7sVZupTI3zcUTg8eycS2kNF9l6w==
  dependencies:
    loose-envify "^1.0.0"

webidl-conversions@^3.0.0:
  version "3.0.1"
  resolved "https://registry.yarnpkg.com/webidl-conversions/-/webidl-conversions-3.0.1.tgz#24534275e2a7bc6be7bc86611cc16ae0a5654871"
  integrity sha1-JFNCdeKnvGvnvIZhHMFq4KVlSHE=

whatwg-url@^5.0.0:
  version "5.0.0"
  resolved "https://registry.yarnpkg.com/whatwg-url/-/whatwg-url-5.0.0.tgz#966454e8765462e37644d3626f6742ce8b70965d"
  integrity sha1-lmRU6HZUYuN2RNNib2dCzotwll0=
  dependencies:
    tr46 "~0.0.3"
    webidl-conversions "^3.0.0"

xtend@^4.0.2, xtend@~4.0.0:
  version "4.0.2"
  resolved "https://registry.yarnpkg.com/xtend/-/xtend-4.0.2.tgz#bb72779f5fa465186b1f438f674fa347fdb5db54"
  integrity sha512-LKYU1iAXJXUgAXn9URjiu+MWhyUXHsvfp7mcuYm9dSUKK0/CjtrUwFAxD82/mCWbtLsGjFIad0wIsod4zrTAEQ==
